
Microsoft Visual Studio Solution File, Format Version 12.00
# Visual Studio Version 16
VisualStudioVersion = 16.0.28803.352
MinimumVisualStudioVersion = 10.0.40219.1
Project("{FAE04EC0-301F-11D3-BF4B-00C04F79EFBC}") = "GymCompetitionTest", "GymCompetitionTest\GymCompetitionTest.csproj", "{DD273276-A822-47ED-958C-43DDC2F7123E}"
EndProject
Project("{FAE04EC0-301F-11D3-BF4B-00C04F79EFBC}") = "GymCompetitionForm", "GymCompetitionForm\GymCompetitionForm.csproj", "{BCC65731-33F5-4378-8AC1-3B5DB13FFA54}"
EndProject
Global
	GlobalSection(SolutionConfigurationPlatforms) = preSolution
		Debug|Any CPU = Debug|Any CPU
		Release|Any CPU = Release|Any CPU
	EndGlobalSection
	GlobalSection(ProjectConfigurationPlatforms) = postSolution
		{DD273276-A822-47ED-958C-43DDC2F7123E}.Debug|Any CPU.ActiveCfg = Debug|Any CPU
		{DD273276-A822-47ED-958C-43DDC2F7123E}.Debug|Any CPU.Build.0 = Debug|Any CPU
		{DD273276-A822-47ED-958C-43DDC2F7123E}.Release|Any CPU.ActiveCfg = Release|Any CPU
		{DD273276-A822-47ED-958C-43DDC2F7123E}.Release|Any CPU.Build.0 = Release|Any CPU
		{BCC65731-33F5-4378-8AC1-3B5DB13FFA54}.Debug|Any CPU.ActiveCfg = Debug|Any CPU
		{BCC65731-33F5-4378-8AC1-3B5DB13FFA54}.Debug|Any CPU.Build.0 = Debug|Any CPU
		{BCC65731-33F5-4378-8AC1-3B5DB13FFA54}.Release|Any CPU.ActiveCfg = Release|Any CPU
		{BCC65731-33F5-4378-8AC1-3B5DB13FFA54}.Release|Any CPU.Build.0 = Release|Any CPU
	EndGlobalSection
	GlobalSection(SolutionProperties) = preSolution
		HideSolutionNode = FALSE
	EndGlobalSection
	GlobalSection(ExtensibilityGlobals) = postSolution
		SolutionGuid = {A18A7C1A-1102-432B-A581-647F9C2896BD}
	EndGlobalSection
EndGlobal
